
Microsoft Visual Studio Solution File, Format Version 12.00
# Visual Studio Version 16
VisualStudioVersion = 16.0.30114.105
MinimumVisualStudioVersion = 10.0.40219.1
Project("{F2A71F9B-5D33-465A-A702-920D77279786}") = "Indic.Sanscript.Test", "Indic.Sanscript.Test.fsproj", "{9EAC12D9-32CC-4B9E-8505-8B3091F2A76E}"
EndProject
Project("{F2A71F9B-5D33-465A-A702-920D77279786}") = "Indic.Sanscript", "..\src\Indic.Sanscript.fsproj", "{3F162851-B253-413C-B545-B5B0578C9133}"
EndProject
Project("{F2A71F9B-5D33-465A-A702-920D77279786}") = "Indic.Sanscript.Schemes", "..\schemes\Indic.Sanscript.Schemes.fsproj", "{60319658-B071-4376-97EA-AFC4D152EFEC}"
EndProject
Project("{F2A71F9B-5D33-465A-A702-920D77279786}") = "Indic.Sanscript.Schemes.Toml", "..\schemes\toml\Indic.Sanscript.Schemes.Toml.fsproj", "{94800943-F735-4F3C-B17E-F51D27B096C7}"
EndProject
Global
	GlobalSection(SolutionConfigurationPlatforms) = preSolution
		Debug|Any CPU = Debug|Any CPU
		Debug|x64 = Debug|x64
		Debug|x86 = Debug|x86
		Release|Any CPU = Release|Any CPU
		Release|x64 = Release|x64
		Release|x86 = Release|x86
	EndGlobalSection
	GlobalSection(SolutionProperties) = preSolution
		HideSolutionNode = FALSE
	EndGlobalSection
	GlobalSection(ProjectConfigurationPlatforms) = postSolution
		{9EAC12D9-32CC-4B9E-8505-8B3091F2A76E}.Debug|Any CPU.ActiveCfg = Debug|Any CPU
		{9EAC12D9-32CC-4B9E-8505-8B3091F2A76E}.Debug|Any CPU.Build.0 = Debug|Any CPU
		{9EAC12D9-32CC-4B9E-8505-8B3091F2A76E}.Debug|x64.ActiveCfg = Debug|Any CPU
		{9EAC12D9-32CC-4B9E-8505-8B3091F2A76E}.Debug|x64.Build.0 = Debug|Any CPU
		{9EAC12D9-32CC-4B9E-8505-8B3091F2A76E}.Debug|x86.ActiveCfg = Debug|Any CPU
		{9EAC12D9-32CC-4B9E-8505-8B3091F2A76E}.Debug|x86.Build.0 = Debug|Any CPU
		{9EAC12D9-32CC-4B9E-8505-8B3091F2A76E}.Release|Any CPU.ActiveCfg = Release|Any CPU
		{9EAC12D9-32CC-4B9E-8505-8B3091F2A76E}.Release|Any CPU.Build.0 = Release|Any CPU
		{9EAC12D9-32CC-4B9E-8505-8B3091F2A76E}.Release|x64.ActiveCfg = Release|Any CPU
		{9EAC12D9-32CC-4B9E-8505-8B3091F2A76E}.Release|x64.Build.0 = Release|Any CPU
		{9EAC12D9-32CC-4B9E-8505-8B3091F2A76E}.Release|x86.ActiveCfg = Release|Any CPU
		{9EAC12D9-32CC-4B9E-8505-8B3091F2A76E}.Release|x86.Build.0 = Release|Any CPU
		{3F162851-B253-413C-B545-B5B0578C9133}.Debug|Any CPU.ActiveCfg = Debug|Any CPU
		{3F162851-B253-413C-B545-B5B0578C9133}.Debug|Any CPU.Build.0 = Debug|Any CPU
		{3F162851-B253-413C-B545-B5B0578C9133}.Debug|x64.ActiveCfg = Debug|Any CPU
		{3F162851-B253-413C-B545-B5B0578C9133}.Debug|x64.Build.0 = Debug|Any CPU
		{3F162851-B253-413C-B545-B5B0578C9133}.Debug|x86.ActiveCfg = Debug|Any CPU
		{3F162851-B253-413C-B545-B5B0578C9133}.Debug|x86.Build.0 = Debug|Any CPU
		{3F162851-B253-413C-B545-B5B0578C9133}.Release|Any CPU.ActiveCfg = Release|Any CPU
		{3F162851-B253-413C-B545-B5B0578C9133}.Release|Any CPU.Build.0 = Release|Any CPU
		{3F162851-B253-413C-B545-B5B0578C9133}.Release|x64.ActiveCfg = Release|Any CPU
		{3F162851-B253-413C-B545-B5B0578C9133}.Release|x64.Build.0 = Release|Any CPU
		{3F162851-B253-413C-B545-B5B0578C9133}.Release|x86.ActiveCfg = Release|Any CPU
		{3F162851-B253-413C-B545-B5B0578C9133}.Release|x86.Build.0 = Release|Any CPU
		{60319658-B071-4376-97EA-AFC4D152EFEC}.Debug|Any CPU.ActiveCfg = Debug|Any CPU
		{60319658-B071-4376-97EA-AFC4D152EFEC}.Debug|Any CPU.Build.0 = Debug|Any CPU
		{60319658-B071-4376-97EA-AFC4D152EFEC}.Debug|x64.ActiveCfg = Debug|Any CPU
		{60319658-B071-4376-97EA-AFC4D152EFEC}.Debug|x64.Build.0 = Debug|Any CPU
		{60319658-B071-4376-97EA-AFC4D152EFEC}.Debug|x86.ActiveCfg = Debug|Any CPU
		{60319658-B071-4376-97EA-AFC4D152EFEC}.Debug|x86.Build.0 = Debug|Any CPU
		{60319658-B071-4376-97EA-AFC4D152EFEC}.Release|Any CPU.ActiveCfg = Release|Any CPU
		{60319658-B071-4376-97EA-AFC4D152EFEC}.Release|Any CPU.Build.0 = Release|Any CPU
		{60319658-B071-4376-97EA-AFC4D152EFEC}.Release|x64.ActiveCfg = Release|Any CPU
		{60319658-B071-4376-97EA-AFC4D152EFEC}.Release|x64.Build.0 = Release|Any CPU
		{60319658-B071-4376-97EA-AFC4D152EFEC}.Release|x86.ActiveCfg = Release|Any CPU
		{60319658-B071-4376-97EA-AFC4D152EFEC}.Release|x86.Build.0 = Release|Any CPU
		{94800943-F735-4F3C-B17E-F51D27B096C7}.Debug|Any CPU.ActiveCfg = Debug|Any CPU
		{94800943-F735-4F3C-B17E-F51D27B096C7}.Debug|Any CPU.Build.0 = Debug|Any CPU
		{94800943-F735-4F3C-B17E-F51D27B096C7}.Debug|x64.ActiveCfg = Debug|Any CPU
		{94800943-F735-4F3C-B17E-F51D27B096C7}.Debug|x64.Build.0 = Debug|Any CPU
		{94800943-F735-4F3C-B17E-F51D27B096C7}.Debug|x86.ActiveCfg = Debug|Any CPU
		{94800943-F735-4F3C-B17E-F51D27B096C7}.Debug|x86.Build.0 = Debug|Any CPU
		{94800943-F735-4F3C-B17E-F51D27B096C7}.Release|Any CPU.ActiveCfg = Release|Any CPU
		{94800943-F735-4F3C-B17E-F51D27B096C7}.Release|Any CPU.Build.0 = Release|Any CPU
		{94800943-F735-4F3C-B17E-F51D27B096C7}.Release|x64.ActiveCfg = Release|Any CPU
		{94800943-F735-4F3C-B17E-F51D27B096C7}.Release|x64.Build.0 = Release|Any CPU
		{94800943-F735-4F3C-B17E-F51D27B096C7}.Release|x86.ActiveCfg = Release|Any CPU
		{94800943-F735-4F3C-B17E-F51D27B096C7}.Release|x86.Build.0 = Release|Any CPU
	EndGlobalSection
EndGlobal
